
Microsoft Visual Studio Solution File, Format Version 12.00
# Visual Studio Version 17
VisualStudioVersion = 17.0.32126.317
MinimumVisualStudioVersion = 10.0.40219.1
Project("{FAE04EC0-301F-11D3-BF4B-00C04F79EFBC}") = "collegeAdminApp", "collegeAdminApp\collegeAdminApp.csproj", "{01559249-6130-49DA-BB12-0E6E5C3C1627}"
EndProject
Global
	GlobalSection(SolutionConfigurationPlatforms) = preSolution
		Debug|Any CPU = Debug|Any CPU
		Release|Any CPU = Release|Any CPU
	EndGlobalSection
	GlobalSection(ProjectConfigurationPlatforms) = postSolution
		{01559249-6130-49DA-BB12-0E6E5C3C1627}.Debug|Any CPU.ActiveCfg = Debug|Any CPU
		{01559249-6130-49DA-BB12-0E6E5C3C1627}.Debug|Any CPU.Build.0 = Debug|Any CPU
		{01559249-6130-49DA-BB12-0E6E5C3C1627}.Release|Any CPU.ActiveCfg = Release|Any CPU
		{01559249-6130-49DA-BB12-0E6E5C3C1627}.Release|Any CPU.Build.0 = Release|Any CPU
	EndGlobalSection
	GlobalSection(SolutionProperties) = preSolution
		HideSolutionNode = FALSE
	EndGlobalSection
	GlobalSection(ExtensibilityGlobals) = postSolution
		SolutionGuid = {ACD545D0-CF95-4A0C-BB6E-01A837DC9A43}
	EndGlobalSection
EndGlobal
