
Microsoft Visual Studio Solution File, Format Version 12.00
# Visual Studio Version 17
VisualStudioVersion = 17.6.33815.320
MinimumVisualStudioVersion = 10.0.40219.1
Project("{FAE04EC0-301F-11D3-BF4B-00C04F79EFBC}") = "day_3_lesson", "day_3_lesson\day_3_lesson.csproj", "{F4E13D8F-A36E-4E4F-9D9B-7FE8856B86A2}"
EndProject
Global
	GlobalSection(SolutionConfigurationPlatforms) = preSolution
		Debug|Any CPU = Debug|Any CPU
		Release|Any CPU = Release|Any CPU
	EndGlobalSection
	GlobalSection(ProjectConfigurationPlatforms) = postSolution
		{F4E13D8F-A36E-4E4F-9D9B-7FE8856B86A2}.Debug|Any CPU.ActiveCfg = Debug|Any CPU
		{F4E13D8F-A36E-4E4F-9D9B-7FE8856B86A2}.Debug|Any CPU.Build.0 = Debug|Any CPU
		{F4E13D8F-A36E-4E4F-9D9B-7FE8856B86A2}.Release|Any CPU.ActiveCfg = Release|Any CPU
		{F4E13D8F-A36E-4E4F-9D9B-7FE8856B86A2}.Release|Any CPU.Build.0 = Release|Any CPU
	EndGlobalSection
	GlobalSection(SolutionProperties) = preSolution
		HideSolutionNode = FALSE
	EndGlobalSection
	GlobalSection(ExtensibilityGlobals) = postSolution
		SolutionGuid = {7586DEF7-21F4-456F-962C-A7AB73500668}
	EndGlobalSection
EndGlobal
