
Microsoft Visual Studio Solution File, Format Version 12.00
# Visual Studio Version 17
VisualStudioVersion = 17.0.32126.317
MinimumVisualStudioVersion = 10.0.40219.1
Project("{FAE04EC0-301F-11D3-BF4B-00C04F79EFBC}") = "myFirstConsoleApp", "myFirstConsoleApp\myFirstConsoleApp.csproj", "{C83D37B5-C889-4A93-8F18-122D25CE5201}"
EndProject
Global
	GlobalSection(SolutionConfigurationPlatforms) = preSolution
		Debug|Any CPU = Debug|Any CPU
		Release|Any CPU = Release|Any CPU
	EndGlobalSection
	GlobalSection(ProjectConfigurationPlatforms) = postSolution
		{C83D37B5-C889-4A93-8F18-122D25CE5201}.Debug|Any CPU.ActiveCfg = Debug|Any CPU
		{C83D37B5-C889-4A93-8F18-122D25CE5201}.Debug|Any CPU.Build.0 = Debug|Any CPU
		{C83D37B5-C889-4A93-8F18-122D25CE5201}.Release|Any CPU.ActiveCfg = Release|Any CPU
		{C83D37B5-C889-4A93-8F18-122D25CE5201}.Release|Any CPU.Build.0 = Release|Any CPU
	EndGlobalSection
	GlobalSection(SolutionProperties) = preSolution
		HideSolutionNode = FALSE
	EndGlobalSection
	GlobalSection(ExtensibilityGlobals) = postSolution
		SolutionGuid = {90CA5F53-037F-430D-810E-3FF39D238D7D}
	EndGlobalSection
EndGlobal
