
Microsoft Visual Studio Solution File, Format Version 12.00
# Visual Studio Version 17
VisualStudioVersion = 17.6.33815.320
MinimumVisualStudioVersion = 10.0.40219.1
Project("{FAE04EC0-301F-11D3-BF4B-00C04F79EFBC}") = "day_9_lesson", "day_9_lesson\day_9_lesson.csproj", "{EFC4F8AE-6E90-4D9A-96C3-B1A9524F2F1C}"
EndProject
Global
	GlobalSection(SolutionConfigurationPlatforms) = preSolution
		Debug|Any CPU = Debug|Any CPU
		Release|Any CPU = Release|Any CPU
	EndGlobalSection
	GlobalSection(ProjectConfigurationPlatforms) = postSolution
		{EFC4F8AE-6E90-4D9A-96C3-B1A9524F2F1C}.Debug|Any CPU.ActiveCfg = Debug|Any CPU
		{EFC4F8AE-6E90-4D9A-96C3-B1A9524F2F1C}.Debug|Any CPU.Build.0 = Debug|Any CPU
		{EFC4F8AE-6E90-4D9A-96C3-B1A9524F2F1C}.Release|Any CPU.ActiveCfg = Release|Any CPU
		{EFC4F8AE-6E90-4D9A-96C3-B1A9524F2F1C}.Release|Any CPU.Build.0 = Release|Any CPU
	EndGlobalSection
	GlobalSection(SolutionProperties) = preSolution
		HideSolutionNode = FALSE
	EndGlobalSection
	GlobalSection(ExtensibilityGlobals) = postSolution
		SolutionGuid = {6DB2763E-FDFE-4211-8A1B-4A02F41C28D9}
	EndGlobalSection
EndGlobal
