
Microsoft Visual Studio Solution File, Format Version 12.00
# Visual Studio Version 17
VisualStudioVersion = 17.6.33815.320
MinimumVisualStudioVersion = 10.0.40219.1
Project("{FAE04EC0-301F-11D3-BF4B-00C04F79EFBC}") = "day_7_lesson", "day_7_lesson\day_7_lesson.csproj", "{E80E5EC4-AE0A-409C-A7F3-31D0D8D48C60}"
EndProject
Global
	GlobalSection(SolutionConfigurationPlatforms) = preSolution
		Debug|Any CPU = Debug|Any CPU
		Release|Any CPU = Release|Any CPU
	EndGlobalSection
	GlobalSection(ProjectConfigurationPlatforms) = postSolution
		{E80E5EC4-AE0A-409C-A7F3-31D0D8D48C60}.Debug|Any CPU.ActiveCfg = Debug|Any CPU
		{E80E5EC4-AE0A-409C-A7F3-31D0D8D48C60}.Debug|Any CPU.Build.0 = Debug|Any CPU
		{E80E5EC4-AE0A-409C-A7F3-31D0D8D48C60}.Release|Any CPU.ActiveCfg = Release|Any CPU
		{E80E5EC4-AE0A-409C-A7F3-31D0D8D48C60}.Release|Any CPU.Build.0 = Release|Any CPU
	EndGlobalSection
	GlobalSection(SolutionProperties) = preSolution
		HideSolutionNode = FALSE
	EndGlobalSection
	GlobalSection(ExtensibilityGlobals) = postSolution
		SolutionGuid = {73DFCEC6-3549-4BB3-B061-8D63A77889CF}
	EndGlobalSection
EndGlobal
