
Microsoft Visual Studio Solution File, Format Version 12.00
# Visual Studio Version 17
VisualStudioVersion = 17.0.32126.317
MinimumVisualStudioVersion = 10.0.40219.1
Project("{FAE04EC0-301F-11D3-BF4B-00C04F79EFBC}") = "day_5_lesson", "day_5_lesson\day_5_lesson.csproj", "{D6BD9FFC-65D9-4DAD-9F68-4A47C5FE09CF}"
EndProject
Global
	GlobalSection(SolutionConfigurationPlatforms) = preSolution
		Debug|Any CPU = Debug|Any CPU
		Release|Any CPU = Release|Any CPU
	EndGlobalSection
	GlobalSection(ProjectConfigurationPlatforms) = postSolution
		{D6BD9FFC-65D9-4DAD-9F68-4A47C5FE09CF}.Debug|Any CPU.ActiveCfg = Debug|Any CPU
		{D6BD9FFC-65D9-4DAD-9F68-4A47C5FE09CF}.Debug|Any CPU.Build.0 = Debug|Any CPU
		{D6BD9FFC-65D9-4DAD-9F68-4A47C5FE09CF}.Release|Any CPU.ActiveCfg = Release|Any CPU
		{D6BD9FFC-65D9-4DAD-9F68-4A47C5FE09CF}.Release|Any CPU.Build.0 = Release|Any CPU
	EndGlobalSection
	GlobalSection(SolutionProperties) = preSolution
		HideSolutionNode = FALSE
	EndGlobalSection
	GlobalSection(ExtensibilityGlobals) = postSolution
		SolutionGuid = {5C2AAF8C-1FBA-4597-B4C8-618012D130DB}
	EndGlobalSection
EndGlobal
