
Microsoft Visual Studio Solution File, Format Version 12.00
# Visual Studio Version 17
VisualStudioVersion = 17.6.33815.320
MinimumVisualStudioVersion = 10.0.40219.1
Project("{FAE04EC0-301F-11D3-BF4B-00C04F79EFBC}") = "ABCShippingCo", "ABCShippingCo\ABCShippingCo.csproj", "{AD0834B3-ECC1-4EFC-A897-FA9B15162CFC}"
EndProject
Global
	GlobalSection(SolutionConfigurationPlatforms) = preSolution
		Debug|Any CPU = Debug|Any CPU
		Release|Any CPU = Release|Any CPU
	EndGlobalSection
	GlobalSection(ProjectConfigurationPlatforms) = postSolution
		{AD0834B3-ECC1-4EFC-A897-FA9B15162CFC}.Debug|Any CPU.ActiveCfg = Debug|Any CPU
		{AD0834B3-ECC1-4EFC-A897-FA9B15162CFC}.Debug|Any CPU.Build.0 = Debug|Any CPU
		{AD0834B3-ECC1-4EFC-A897-FA9B15162CFC}.Release|Any CPU.ActiveCfg = Release|Any CPU
		{AD0834B3-ECC1-4EFC-A897-FA9B15162CFC}.Release|Any CPU.Build.0 = Release|Any CPU
	EndGlobalSection
	GlobalSection(SolutionProperties) = preSolution
		HideSolutionNode = FALSE
	EndGlobalSection
	GlobalSection(ExtensibilityGlobals) = postSolution
		SolutionGuid = {071A7AB5-DC27-4F02-BE53-E294F90C3109}
	EndGlobalSection
EndGlobal
