
Microsoft Visual Studio Solution File, Format Version 12.00
# Visual Studio Version 17
VisualStudioVersion = 17.0.32126.317
MinimumVisualStudioVersion = 10.0.40219.1
Project("{FAE04EC0-301F-11D3-BF4B-00C04F79EFBC}") = "day_4_lesson", "day_4_lesson\day_4_lesson.csproj", "{3E59F5F1-D36D-4DBC-8286-99EC3F836421}"
EndProject
Global
	GlobalSection(SolutionConfigurationPlatforms) = preSolution
		Debug|Any CPU = Debug|Any CPU
		Release|Any CPU = Release|Any CPU
	EndGlobalSection
	GlobalSection(ProjectConfigurationPlatforms) = postSolution
		{3E59F5F1-D36D-4DBC-8286-99EC3F836421}.Debug|Any CPU.ActiveCfg = Debug|Any CPU
		{3E59F5F1-D36D-4DBC-8286-99EC3F836421}.Debug|Any CPU.Build.0 = Debug|Any CPU
		{3E59F5F1-D36D-4DBC-8286-99EC3F836421}.Release|Any CPU.ActiveCfg = Release|Any CPU
		{3E59F5F1-D36D-4DBC-8286-99EC3F836421}.Release|Any CPU.Build.0 = Release|Any CPU
	EndGlobalSection
	GlobalSection(SolutionProperties) = preSolution
		HideSolutionNode = FALSE
	EndGlobalSection
	GlobalSection(ExtensibilityGlobals) = postSolution
		SolutionGuid = {2433DBE0-05CB-4CB2-97E8-DA0351C334CF}
	EndGlobalSection
EndGlobal
