
Microsoft Visual Studio Solution File, Format Version 12.00
# Visual Studio Version 17
VisualStudioVersion = 17.6.33815.320
MinimumVisualStudioVersion = 10.0.40219.1
Project("{FAE04EC0-301F-11D3-BF4B-00C04F79EFBC}") = "myFirstAspDotNetCoreAppWithReact", "myFirstAspDotNetCoreAppWithReact\myFirstAspDotNetCoreAppWithReact.csproj", "{E1A48D75-E5F9-43BB-AE2B-98E4B0F7FAEF}"
EndProject
Global
	GlobalSection(SolutionConfigurationPlatforms) = preSolution
		Debug|Any CPU = Debug|Any CPU
		Release|Any CPU = Release|Any CPU
	EndGlobalSection
	GlobalSection(ProjectConfigurationPlatforms) = postSolution
		{E1A48D75-E5F9-43BB-AE2B-98E4B0F7FAEF}.Debug|Any CPU.ActiveCfg = Debug|Any CPU
		{E1A48D75-E5F9-43BB-AE2B-98E4B0F7FAEF}.Debug|Any CPU.Build.0 = Debug|Any CPU
		{E1A48D75-E5F9-43BB-AE2B-98E4B0F7FAEF}.Release|Any CPU.ActiveCfg = Release|Any CPU
		{E1A48D75-E5F9-43BB-AE2B-98E4B0F7FAEF}.Release|Any CPU.Build.0 = Release|Any CPU
	EndGlobalSection
	GlobalSection(SolutionProperties) = preSolution
		HideSolutionNode = FALSE
	EndGlobalSection
	GlobalSection(ExtensibilityGlobals) = postSolution
		SolutionGuid = {FF372412-016D-4B2B-971A-0E87EB20224D}
	EndGlobalSection
EndGlobal
