
Microsoft Visual Studio Solution File, Format Version 12.00
# Visual Studio Version 17
VisualStudioVersion = 17.0.32126.317
MinimumVisualStudioVersion = 10.0.40219.1
Project("{FAE04EC0-301F-11D3-BF4B-00C04F79EFBC}") = "day_3_class", "day_3_class\day_3_class.csproj", "{012377EE-99DC-42AC-89FB-26D34E7D2E0E}"
EndProject
Global
	GlobalSection(SolutionConfigurationPlatforms) = preSolution
		Debug|Any CPU = Debug|Any CPU
		Release|Any CPU = Release|Any CPU
	EndGlobalSection
	GlobalSection(ProjectConfigurationPlatforms) = postSolution
		{012377EE-99DC-42AC-89FB-26D34E7D2E0E}.Debug|Any CPU.ActiveCfg = Debug|Any CPU
		{012377EE-99DC-42AC-89FB-26D34E7D2E0E}.Debug|Any CPU.Build.0 = Debug|Any CPU
		{012377EE-99DC-42AC-89FB-26D34E7D2E0E}.Release|Any CPU.ActiveCfg = Release|Any CPU
		{012377EE-99DC-42AC-89FB-26D34E7D2E0E}.Release|Any CPU.Build.0 = Release|Any CPU
	EndGlobalSection
	GlobalSection(SolutionProperties) = preSolution
		HideSolutionNode = FALSE
	EndGlobalSection
	GlobalSection(ExtensibilityGlobals) = postSolution
		SolutionGuid = {331D54CC-E812-41CD-A024-39444E0E95C1}
	EndGlobalSection
EndGlobal
